// !$*UTF8*$!
{
	archiveVersion = 1;
	classes = {
	};
	objectVersion = 56;
	objects = {

/* Begin PBXBuildFile section */
		C00DC9492BB23F510055BCD3 /* LOTR_ConverterApp.swift in Sources */ = {isa = PBXBuildFile; fileRef = C00DC9482BB23F510055BCD3 /* LOTR_ConverterApp.swift */; };
		C00DC94B2BB23F510055BCD3 /* ContentView.swift in Sources */ = {isa = PBXBuildFile; fileRef = C00DC94A2BB23F510055BCD3 /* ContentView.swift */; };
		C00DC94D2BB23F520055BCD3 /* Assets.xcassets in Resources */ = {isa = PBXBuildFile; fileRef = C00DC94C2BB23F520055BCD3 /* Assets.xcassets */; };
		C00DC9502BB23F520055BCD3 /* Preview Assets.xcassets in Resources */ = {isa = PBXBuildFile; fileRef = C00DC94F2BB23F520055BCD3 /* Preview Assets.xcassets */; };
		C00DC9582BB39A280055BCD3 /* SetScreenWidthExtension.swift in Sources */ = {isa = PBXBuildFile; fileRef = C00DC9572BB39A280055BCD3 /* SetScreenWidthExtension.swift */; };
		C01CDA612BBF6B4100470D25 /* IconGridView.swift in Sources */ = {isa = PBXBuildFile; fileRef = C01CDA602BBF6B4100470D25 /* IconGridView.swift */; };
		C0E018C32BB8F2E400268D18 /* ExchangeInfoView.swift in Sources */ = {isa = PBXBuildFile; fileRef = C0E018C22BB8F2E400268D18 /* ExchangeInfoView.swift */; };
		C0E018C62BBE0AE100268D18 /* ExchangeRateView.swift in Sources */ = {isa = PBXBuildFile; fileRef = C0E018C52BBE0AE100268D18 /* ExchangeRateView.swift */; };
		C0E018C82BBE1D1E00268D18 /* SelectCurrencyView.swift in Sources */ = {isa = PBXBuildFile; fileRef = C0E018C72BBE1D1E00268D18 /* SelectCurrencyView.swift */; };
		C0E018CC2BBE290C00268D18 /* CurrencyIconView.swift in Sources */ = {isa = PBXBuildFile; fileRef = C0E018CB2BBE290C00268D18 /* CurrencyIconView.swift */; };
		C0E018D12BBE312200268D18 /* CurrencyModel.swift in Sources */ = {isa = PBXBuildFile; fileRef = C0E018D02BBE312200268D18 /* CurrencyModel.swift */; };
/* End PBXBuildFile section */

/* Begin PBXFileReference section */
		C00DC9452BB23F510055BCD3 /* LOTR Converter.app */ = {isa = PBXFileReference; explicitFileType = wrapper.application; includeInIndex = 0; path = "LOTR Converter.app"; sourceTree = BUILT_PRODUCTS_DIR; };
		C00DC9482BB23F510055BCD3 /* LOTR_ConverterApp.swift */ = {isa = PBXFileReference; lastKnownFileType = sourcecode.swift; path = LOTR_ConverterApp.swift; sourceTree = "<group>"; };
		C00DC94A2BB23F510055BCD3 /* ContentView.swift */ = {isa = PBXFileReference; lastKnownFileType = sourcecode.swift; path = ContentView.swift; sourceTree = "<group>"; };
		C00DC94C2BB23F520055BCD3 /* Assets.xcassets */ = {isa = PBXFileReference; lastKnownFileType = folder.assetcatalog; path = Assets.xcassets; sourceTree = "<group>"; };
		C00DC94F2BB23F520055BCD3 /* Preview Assets.xcassets */ = {isa = PBXFileReference; lastKnownFileType = folder.assetcatalog; path = "Preview Assets.xcassets"; sourceTree = "<group>"; };
		C00DC9572BB39A280055BCD3 /* SetScreenWidthExtension.swift */ = {isa = PBXFileReference; lastKnownFileType = sourcecode.swift; path = SetScreenWidthExtension.swift; sourceTree = "<group>"; };
		C01CDA602BBF6B4100470D25 /* IconGridView.swift */ = {isa = PBXFileReference; lastKnownFileType = sourcecode.swift; path = IconGridView.swift; sourceTree = "<group>"; };
		C0E018C22BB8F2E400268D18 /* ExchangeInfoView.swift */ = {isa = PBXFileReference; lastKnownFileType = sourcecode.swift; path = ExchangeInfoView.swift; sourceTree = "<group>"; };
		C0E018C52BBE0AE100268D18 /* ExchangeRateView.swift */ = {isa = PBXFileReference; lastKnownFileType = sourcecode.swift; path = ExchangeRateView.swift; sourceTree = "<group>"; };
		C0E018C72BBE1D1E00268D18 /* SelectCurrencyView.swift */ = {isa = PBXFileReference; lastKnownFileType = sourcecode.swift; path = SelectCurrencyView.swift; sourceTree = "<group>"; };
		C0E018CB2BBE290C00268D18 /* CurrencyIconView.swift */ = {isa = PBXFileReference; lastKnownFileType = sourcecode.swift; path = CurrencyIconView.swift; sourceTree = "<group>"; };
		C0E018D02BBE312200268D18 /* CurrencyModel.swift */ = {isa = PBXFileReference; lastKnownFileType = sourcecode.swift; path = CurrencyModel.swift; sourceTree = "<group>"; };
/* End PBXFileReference section */

/* Begin PBXFrameworksBuildPhase section */
		C00DC9422BB23F510055BCD3 /* Frameworks */ = {
			isa = PBXFrameworksBuildPhase;
			buildActionMask = 2147483647;
			files = (
			);
			runOnlyForDeploymentPostprocessing = 0;
		};
/* End PBXFrameworksBuildPhase section */

/* Begin PBXGroup section */
		C00DC93C2BB23F510055BCD3 = {
			isa = PBXGroup;
			children = (
				C00DC9472BB23F510055BCD3 /* LOTR Converter */,
				C00DC9462BB23F510055BCD3 /* Products */,
			);
			sourceTree = "<group>";
		};
		C00DC9462BB23F510055BCD3 /* Products */ = {
			isa = PBXGroup;
			children = (
				C00DC9452BB23F510055BCD3 /* LOTR Converter.app */,
			);
			name = Products;
			sourceTree = "<group>";
		};
		C00DC9472BB23F510055BCD3 /* LOTR Converter */ = {
			isa = PBXGroup;
			children = (
				C0E018CF2BBE310900268D18 /* Model */,
				C0E018C42BB8FA2200268D18 /* View */,
				C00DC94A2BB23F510055BCD3 /* ContentView.swift */,
				C0E018C72BBE1D1E00268D18 /* SelectCurrencyView.swift */,
				C01CDA602BBF6B4100470D25 /* IconGridView.swift */,
				C0E018CB2BBE290C00268D18 /* CurrencyIconView.swift */,
				C0E018C22BB8F2E400268D18 /* ExchangeInfoView.swift */,
				C0E018C52BBE0AE100268D18 /* ExchangeRateView.swift */,
				C00DC9562BB3993A0055BCD3 /* Extensions */,
				C00DC9482BB23F510055BCD3 /* LOTR_ConverterApp.swift */,
				C00DC94C2BB23F520055BCD3 /* Assets.xcassets */,
				C00DC94E2BB23F520055BCD3 /* Preview Content */,
			);
			path = "LOTR Converter";
			sourceTree = "<group>";
		};
		C00DC94E2BB23F520055BCD3 /* Preview Content */ = {
			isa = PBXGroup;
			children = (
				C00DC94F2BB23F520055BCD3 /* Preview Assets.xcassets */,
			);
			path = "Preview Content";
			sourceTree = "<group>";
		};
		C00DC9562BB3993A0055BCD3 /* Extensions */ = {
			isa = PBXGroup;
			children = (
				C00DC9572BB39A280055BCD3 /* SetScreenWidthExtension.swift */,
			);
			path = Extensions;
			sourceTree = "<group>";
		};
		C0E018C42BB8FA2200268D18 /* View */ = {
			isa = PBXGroup;
			children = (
			);
			path = View;
			sourceTree = "<group>";
		};
		C0E018CF2BBE310900268D18 /* Model */ = {
			isa = PBXGroup;
			children = (
				C0E018D02BBE312200268D18 /* CurrencyModel.swift */,
			);
			path = Model;
			sourceTree = "<group>";
		};
/* End PBXGroup section */

/* Begin PBXNativeTarget section */
		C00DC9442BB23F510055BCD3 /* LOTR Converter */ = {
			isa = PBXNativeTarget;
			buildConfigurationList = C00DC9532BB23F520055BCD3 /* Build configuration list for PBXNativeTarget "LOTR Converter" */;
			buildPhases = (
				C00DC9412BB23F510055BCD3 /* Sources */,
				C00DC9422BB23F510055BCD3 /* Frameworks */,
				C00DC9432BB23F510055BCD3 /* Resources */,
			);
			buildRules = (
			);
			dependencies = (
			);
			name = "LOTR Converter";
			productName = "LOTR Converter";
			productReference = C00DC9452BB23F510055BCD3 /* LOTR Converter.app */;
			productType = "com.apple.product-type.application";
		};
/* End PBXNativeTarget section */

/* Begin PBXProject section */
		C00DC93D2BB23F510055BCD3 /* Project object */ = {
			isa = PBXProject;
			attributes = {
				BuildIndependentTargetsInParallel = 1;
				LastSwiftUpdateCheck = 1530;
				LastUpgradeCheck = 1530;
				TargetAttributes = {
					C00DC9442BB23F510055BCD3 = {
						CreatedOnToolsVersion = 15.3;
					};
				};
			};
			buildConfigurationList = C00DC9402BB23F510055BCD3 /* Build configuration list for PBXProject "LOTR Converter" */;
			compatibilityVersion = "Xcode 14.0";
			developmentRegion = en;
			hasScannedForEncodings = 0;
			knownRegions = (
				en,
				Base,
			);
			mainGroup = C00DC93C2BB23F510055BCD3;
			productRefGroup = C00DC9462BB23F510055BCD3 /* Products */;
			projectDirPath = "";
			projectRoot = "";
			targets = (
				C00DC9442BB23F510055BCD3 /* LOTR Converter */,
			);
		};
/* End PBXProject section */

/* Begin PBXResourcesBuildPhase section */
		C00DC9432BB23F510055BCD3 /* Resources */ = {
			isa = PBXResourcesBuildPhase;
			buildActionMask = 2147483647;
			files = (
				C00DC9502BB23F520055BCD3 /* Preview Assets.xcassets in Resources */,
				C00DC94D2BB23F520055BCD3 /* Assets.xcassets in Resources */,
			);
			runOnlyForDeploymentPostprocessing = 0;
		};
/* End PBXResourcesBuildPhase section */

/* Begin PBXSourcesBuildPhase section */
		C00DC9412BB23F510055BCD3 /* Sources */ = {
			isa = PBXSourcesBuildPhase;
			buildActionMask = 2147483647;
			files = (
				C0E018C62BBE0AE100268D18 /* ExchangeRateView.swift in Sources */,
				C0E018C32BB8F2E400268D18 /* ExchangeInfoView.swift in Sources */,
				C0E018D12BBE312200268D18 /* CurrencyModel.swift in Sources */,
				C00DC94B2BB23F510055BCD3 /* ContentView.swift in Sources */,
				C0E018CC2BBE290C00268D18 /* CurrencyIconView.swift in Sources */,
				C0E018C82BBE1D1E00268D18 /* SelectCurrencyView.swift in Sources */,
				C00DC9492BB23F510055BCD3 /* LOTR_ConverterApp.swift in Sources */,
				C00DC9582BB39A280055BCD3 /* SetScreenWidthExtension.swift in Sources */,
				C01CDA612BBF6B4100470D25 /* IconGridView.swift in Sources */,
			);
			runOnlyForDeploymentPostprocessing = 0;
		};
/* End PBXSourcesBuildPhase section */

/* Begin XCBuildConfiguration section */
		C00DC9512BB23F520055BCD3 /* Debug */ = {
			isa = XCBuildConfiguration;
			buildSettings = {
				ALWAYS_SEARCH_USER_PATHS = NO;
				ASSETCATALOG_COMPILER_GENERATE_SWIFT_ASSET_SYMBOL_EXTENSIONS = YES;
				CLANG_ANALYZER_NONNULL = YES;
				CLANG_ANALYZER_NUMBER_OBJECT_CONVERSION = YES_AGGRESSIVE;
				CLANG_CXX_LANGUAGE_STANDARD = "gnu++20";
				CLANG_ENABLE_MODULES = YES;
				CLANG_ENABLE_OBJC_ARC = YES;
				CLANG_ENABLE_OBJC_WEAK = YES;
				CLANG_WARN_BLOCK_CAPTURE_AUTORELEASING = YES;
				CLANG_WARN_BOOL_CONVERSION = YES;
				CLANG_WARN_COMMA = YES;
				CLANG_WARN_CONSTANT_CONVERSION = YES;
				CLANG_WARN_DEPRECATED_OBJC_IMPLEMENTATIONS = YES;
				CLANG_WARN_DIRECT_OBJC_ISA_USAGE = YES_ERROR;
				CLANG_WARN_DOCUMENTATION_COMMENTS = YES;
				CLANG_WARN_EMPTY_BODY = YES;
				CLANG_WARN_ENUM_CONVERSION = YES;
				CLANG_WARN_INFINITE_RECURSION = YES;
				CLANG_WARN_INT_CONVERSION = YES;
				CLANG_WARN_NON_LITERAL_NULL_CONVERSION = YES;
				CLANG_WARN_OBJC_IMPLICIT_RETAIN_SELF = YES;
				CLANG_WARN_OBJC_LITERAL_CONVERSION = YES;
				CLANG_WARN_OBJC_ROOT_CLASS = YES_ERROR;
				CLANG_WARN_QUOTED_INCLUDE_IN_FRAMEWORK_HEADER = YES;
				CLANG_WARN_RANGE_LOOP_ANALYSIS = YES;
				CLANG_WARN_STRICT_PROTOTYPES = YES;
				CLANG_WARN_SUSPICIOUS_MOVE = YES;
				CLANG_WARN_UNGUARDED_AVAILABILITY = YES_AGGRESSIVE;
				CLANG_WARN_UNREACHABLE_CODE = YES;
				CLANG_WARN__DUPLICATE_METHOD_MATCH = YES;
				COPY_PHASE_STRIP = NO;
				DEBUG_INFORMATION_FORMAT = dwarf;
				ENABLE_STRICT_OBJC_MSGSEND = YES;
				ENABLE_TESTABILITY = YES;
				ENABLE_USER_SCRIPT_SANDBOXING = YES;
				GCC_C_LANGUAGE_STANDARD = gnu17;
				GCC_DYNAMIC_NO_PIC = NO;
				GCC_NO_COMMON_BLOCKS = YES;
				GCC_OPTIMIZATION_LEVEL = 0;
				GCC_PREPROCESSOR_DEFINITIONS = (
					"DEBUG=1",
					"$(inherited)",
				);
				GCC_WARN_64_TO_32_BIT_CONVERSION = YES;
				GCC_WARN_ABOUT_RETURN_TYPE = YES_ERROR;
				GCC_WARN_UNDECLARED_SELECTOR = YES;
				GCC_WARN_UNINITIALIZED_AUTOS = YES_AGGRESSIVE;
				GCC_WARN_UNUSED_FUNCTION = YES;
				GCC_WARN_UNUSED_VARIABLE = YES;
				IPHONEOS_DEPLOYMENT_TARGET = 17.4;
				LOCALIZATION_PREFERS_STRING_CATALOGS = YES;
				MTL_ENABLE_DEBUG_INFO = INCLUDE_SOURCE;
				MTL_FAST_MATH = YES;
				ONLY_ACTIVE_ARCH = YES;
				SDKROOT = iphoneos;
				SWIFT_ACTIVE_COMPILATION_CONDITIONS = "DEBUG $(inherited)";
				SWIFT_OPTIMIZATION_LEVEL = "-Onone";
			};
			name = Debug;
		};
		C00DC9522BB23F520055BCD3 /* Release */ = {
			isa = XCBuildConfiguration;
			buildSettings = {
				ALWAYS_SEARCH_USER_PATHS = NO;
				ASSETCATALOG_COMPILER_GENERATE_SWIFT_ASSET_SYMBOL_EXTENSIONS = YES;
				CLANG_ANALYZER_NONNULL = YES;
				CLANG_ANALYZER_NUMBER_OBJECT_CONVERSION = YES_AGGRESSIVE;
				CLANG_CXX_LANGUAGE_STANDARD = "gnu++20";
				CLANG_ENABLE_MODULES = YES;
				CLANG_ENABLE_OBJC_ARC = YES;
				CLANG_ENABLE_OBJC_WEAK = YES;
				CLANG_WARN_BLOCK_CAPTURE_AUTORELEASING = YES;
				CLANG_WARN_BOOL_CONVERSION = YES;
				CLANG_WARN_COMMA = YES;
				CLANG_WARN_CONSTANT_CONVERSION = YES;
				CLANG_WARN_DEPRECATED_OBJC_IMPLEMENTATIONS = YES;
				CLANG_WARN_DIRECT_OBJC_ISA_USAGE = YES_ERROR;
				CLANG_WARN_DOCUMENTATION_COMMENTS = YES;
				CLANG_WARN_EMPTY_BODY = YES;
				CLANG_WARN_ENUM_CONVERSION = YES;
				CLANG_WARN_INFINITE_RECURSION = YES;
				CLANG_WARN_INT_CONVERSION = YES;
				CLANG_WARN_NON_LITERAL_NULL_CONVERSION = YES;
				CLANG_WARN_OBJC_IMPLICIT_RETAIN_SELF = YES;
				CLANG_WARN_OBJC_LITERAL_CONVERSION = YES;
				CLANG_WARN_OBJC_ROOT_CLASS = YES_ERROR;
				CLANG_WARN_QUOTED_INCLUDE_IN_FRAMEWORK_HEADER = YES;
				CLANG_WARN_RANGE_LOOP_ANALYSIS = YES;
				CLANG_WARN_STRICT_PROTOTYPES = YES;
				CLANG_WARN_SUSPICIOUS_MOVE = YES;
				CLANG_WARN_UNGUARDED_AVAILABILITY = YES_AGGRESSIVE;
				CLANG_WARN_UNREACHABLE_CODE = YES;
				CLANG_WARN__DUPLICATE_METHOD_MATCH = YES;
				COPY_PHASE_STRIP = NO;
				DEBUG_INFORMATION_FORMAT = "dwarf-with-dsym";
				ENABLE_NS_ASSERTIONS = NO;
				ENABLE_STRICT_OBJC_MSGSEND = YES;
				ENABLE_USER_SCRIPT_SANDBOXING = YES;
				GCC_C_LANGUAGE_STANDARD = gnu17;
				GCC_NO_COMMON_BLOCKS = YES;
				GCC_WARN_64_TO_32_BIT_CONVERSION = YES;
				GCC_WARN_ABOUT_RETURN_TYPE = YES_ERROR;
				GCC_WARN_UNDECLARED_SELECTOR = YES;
				GCC_WARN_UNINITIALIZED_AUTOS = YES_AGGRESSIVE;
				GCC_WARN_UNUSED_FUNCTION = YES;
				GCC_WARN_UNUSED_VARIABLE = YES;
				IPHONEOS_DEPLOYMENT_TARGET = 17.4;
				LOCALIZATION_PREFERS_STRING_CATALOGS = YES;
				MTL_ENABLE_DEBUG_INFO = NO;
				MTL_FAST_MATH = YES;
				SDKROOT = iphoneos;
				SWIFT_COMPILATION_MODE = wholemodule;
				VALIDATE_PRODUCT = YES;
			};
			name = Release;
		};
		C00DC9542BB23F520055BCD3 /* Debug */ = {
			isa = XCBuildConfiguration;
			buildSettings = {
				ASSETCATALOG_COMPILER_APPICON_NAME = AppIcon;
				ASSETCATALOG_COMPILER_GLOBAL_ACCENT_COLOR_NAME = AccentColor;
				CODE_SIGN_STYLE = Automatic;
				CURRENT_PROJECT_VERSION = 1;
				DEVELOPMENT_ASSET_PATHS = "\"LOTR Converter/Preview Content\"";
				DEVELOPMENT_TEAM = UHCN8F9756;
				ENABLE_PREVIEWS = YES;
				GENERATE_INFOPLIST_FILE = YES;
				INFOPLIST_KEY_UIApplicationSceneManifest_Generation = YES;
				INFOPLIST_KEY_UIApplicationSupportsIndirectInputEvents = YES;
				INFOPLIST_KEY_UILaunchScreen_Generation = YES;
				INFOPLIST_KEY_UISupportedInterfaceOrientations_iPad = "UIInterfaceOrientationPortrait UIInterfaceOrientationPortraitUpsideDown UIInterfaceOrientationLandscapeLeft UIInterfaceOrientationLandscapeRight";
				INFOPLIST_KEY_UISupportedInterfaceOrientations_iPhone = "UIInterfaceOrientationPortrait UIInterfaceOrientationLandscapeLeft UIInterfaceOrientationLandscapeRight";
				LD_RUNPATH_SEARCH_PATHS = (
					"$(inherited)",
					"@executable_path/Frameworks",
				);
				MARKETING_VERSION = 1.0;
				PRODUCT_BUNDLE_IDENTIFIER = "com.eymard.chad.LOTR-Converter";
				PRODUCT_NAME = "$(TARGET_NAME)";
				SWIFT_EMIT_LOC_STRINGS = YES;
				SWIFT_VERSION = 5.0;
				TARGETED_DEVICE_FAMILY = "1,2";
			};
			name = Debug;
		};
		C00DC9552BB23F520055BCD3 /* Release */ = {
			isa = XCBuildConfiguration;
			buildSettings = {
				ASSETCATALOG_COMPILER_APPICON_NAME = AppIcon;
				ASSETCATALOG_COMPILER_GLOBAL_ACCENT_COLOR_NAME = AccentColor;
				CODE_SIGN_STYLE = Automatic;
				CURRENT_PROJECT_VERSION = 1;
				DEVELOPMENT_ASSET_PATHS = "\"LOTR Converter/Preview Content\"";
				DEVELOPMENT_TEAM = UHCN8F9756;
				ENABLE_PREVIEWS = YES;
				GENERATE_INFOPLIST_FILE = YES;
				INFOPLIST_KEY_UIApplicationSceneManifest_Generation = YES;
				INFOPLIST_KEY_UIApplicationSupportsIndirectInputEvents = YES;
				INFOPLIST_KEY_UILaunchScreen_Generation = YES;
				INFOPLIST_KEY_UISupportedInterfaceOrientations_iPad = "UIInterfaceOrientationPortrait UIInterfaceOrientationPortraitUpsideDown UIInterfaceOrientationLandscapeLeft UIInterfaceOrientationLandscapeRight";
				INFOPLIST_KEY_UISupportedInterfaceOrientations_iPhone = "UIInterfaceOrientationPortrait UIInterfaceOrientationLandscapeLeft UIInterfaceOrientationLandscapeRight";
				LD_RUNPATH_SEARCH_PATHS = (
					"$(inherited)",
					"@executable_path/Frameworks",
				);
				MARKETING_VERSION = 1.0;
				PRODUCT_BUNDLE_IDENTIFIER = "com.eymard.chad.LOTR-Converter";
				PRODUCT_NAME = "$(TARGET_NAME)";
				SWIFT_EMIT_LOC_STRINGS = YES;
				SWIFT_VERSION = 5.0;
				TARGETED_DEVICE_FAMILY = "1,2";
			};
			name = Release;
		};
/* End XCBuildConfiguration section */

/* Begin XCConfigurationList section */
		C00DC9402BB23F510055BCD3 /* Build configuration list for PBXProject "LOTR Converter" */ = {
			isa = XCConfigurationList;
			buildConfigurations = (
				C00DC9512BB23F520055BCD3 /* Debug */,
				C00DC9522BB23F520055BCD3 /* Release */,
			);
			defaultConfigurationIsVisible = 0;
			defaultConfigurationName = Release;
		};
		C00DC9532BB23F520055BCD3 /* Build configuration list for PBXNativeTarget "LOTR Converter" */ = {
			isa = XCConfigurationList;
			buildConfigurations = (
				C00DC9542BB23F520055BCD3 /* Debug */,
				C00DC9552BB23F520055BCD3 /* Release */,
			);
			defaultConfigurationIsVisible = 0;
			defaultConfigurationName = Release;
		};
/* End XCConfigurationList section */
	};
	rootObject = C00DC93D2BB23F510055BCD3 /* Project object */;
}
